
Microsoft Visual Studio Solution File, Format Version 12.00
# Visual Studio Version 16
VisualStudioVersion = 16.0.31624.102
MinimumVisualStudioVersion = 10.0.40219.1
Project("{8BC9CEB8-8B4A-11D0-8D11-00A0C91BC942}") = "Coursework", "Coursework\Coursework.vcxproj", "{0F5A3967-FCC6-4ACB-983D-3F08BDF787D8}"
EndProject
Global
	GlobalSection(SolutionConfigurationPlatforms) = preSolution
		Debug|x64 = Debug|x64
		Debug|x86 = Debug|x86
		Release|x64 = Release|x64
		Release|x86 = Release|x86
	EndGlobalSection
	GlobalSection(ProjectConfigurationPlatforms) = postSolution
		{0F5A3967-FCC6-4ACB-983D-3F08BDF787D8}.Debug|x64.ActiveCfg = Debug|x64
		{0F5A3967-FCC6-4ACB-983D-3F08BDF787D8}.Debug|x64.Build.0 = Debug|x64
		{0F5A3967-FCC6-4ACB-983D-3F08BDF787D8}.Debug|x86.ActiveCfg = Debug|Win32
		{0F5A3967-FCC6-4ACB-983D-3F08BDF787D8}.Debug|x86.Build.0 = Debug|Win32
		{0F5A3967-FCC6-4ACB-983D-3F08BDF787D8}.Release|x64.ActiveCfg = Release|x64
		{0F5A3967-FCC6-4ACB-983D-3F08BDF787D8}.Release|x64.Build.0 = Release|x64
		{0F5A3967-FCC6-4ACB-983D-3F08BDF787D8}.Release|x86.ActiveCfg = Release|Win32
		{0F5A3967-FCC6-4ACB-983D-3F08BDF787D8}.Release|x86.Build.0 = Release|Win32
	EndGlobalSection
	GlobalSection(SolutionProperties) = preSolution
		HideSolutionNode = FALSE
	EndGlobalSection
	GlobalSection(ExtensibilityGlobals) = postSolution
		SolutionGuid = {952193BF-8309-430C-8892-AEE29AA4F4BE}
	EndGlobalSection
EndGlobal
